
Microsoft Visual Studio Solution File, Format Version 12.00
# Visual Studio Version 16
VisualStudioVersion = 16.0.31205.134
MinimumVisualStudioVersion = 10.0.40219.1
Project("{FAE04EC0-301F-11D3-BF4B-00C04F79EFBC}") = "BattleShip", "BattleShip\BattleShip.csproj", "{A6B9B7DE-0AE3-4A27-A81B-5B9DDD4274B8}"
EndProject
Global
	GlobalSection(SolutionConfigurationPlatforms) = preSolution
		Debug|Any CPU = Debug|Any CPU
		Release|Any CPU = Release|Any CPU
	EndGlobalSection
	GlobalSection(ProjectConfigurationPlatforms) = postSolution
		{A6B9B7DE-0AE3-4A27-A81B-5B9DDD4274B8}.Debug|Any CPU.ActiveCfg = Debug|Any CPU
		{A6B9B7DE-0AE3-4A27-A81B-5B9DDD4274B8}.Debug|Any CPU.Build.0 = Debug|Any CPU
		{A6B9B7DE-0AE3-4A27-A81B-5B9DDD4274B8}.Release|Any CPU.ActiveCfg = Release|Any CPU
		{A6B9B7DE-0AE3-4A27-A81B-5B9DDD4274B8}.Release|Any CPU.Build.0 = Release|Any CPU
	EndGlobalSection
	GlobalSection(SolutionProperties) = preSolution
		HideSolutionNode = FALSE
	EndGlobalSection
	GlobalSection(ExtensibilityGlobals) = postSolution
		SolutionGuid = {FA59EF7C-FE6F-45F7-AD51-E49082AA4AFD}
	EndGlobalSection
EndGlobal
